// !$*UTF8*$!
{
	archiveVersion = 1;
	classes = {
	};
	objectVersion = 55;
	objects = {

/* Begin PBXBuildFile section */
		AD333B512880E85500248D48 /* Transition.storyboard in Resources */ = {isa = PBXBuildFile; fileRef = AD333B502880E85500248D48 /* Transition.storyboard */; };
		AD333B532880EFBF00248D48 /* TransitionFirstViewController.swift in Sources */ = {isa = PBXBuildFile; fileRef = AD333B522880EFBF00248D48 /* TransitionFirstViewController.swift */; };
		AD333B552880FDFF00248D48 /* TransitionSecondViewController.swift in Sources */ = {isa = PBXBuildFile; fileRef = AD333B542880FDFF00248D48 /* TransitionSecondViewController.swift */; };
		AD34B8F3287FA68000A50838 /* Setting.storyboard in Resources */ = {isa = PBXBuildFile; fileRef = AD34B8F2287FA68000A50838 /* Setting.storyboard */; };
		AD34B8F5287FA80800A50838 /* Search.storyboard in Resources */ = {isa = PBXBuildFile; fileRef = AD34B8F4287FA80800A50838 /* Search.storyboard */; };
		AD34B8F8287FAED900A50838 /* SideMenu in Frameworks */ = {isa = PBXBuildFile; productRef = AD34B8F7287FAED900A50838 /* SideMenu */; };
		AD34B8FB287FAF2700A50838 /* FSCalendar in Frameworks */ = {isa = PBXBuildFile; productRef = AD34B8FA287FAF2700A50838 /* FSCalendar */; };
		AD34B8FE287FAFE500A50838 /* TextFieldEffects in Frameworks */ = {isa = PBXBuildFile; productRef = AD34B8FD287FAFE500A50838 /* TextFieldEffects */; };
		AD34B901287FBE3D00A50838 /* IQKeyboardManagerSwift in Frameworks */ = {isa = PBXBuildFile; productRef = AD34B900287FBE3D00A50838 /* IQKeyboardManagerSwift */; };
		AD72A251287BA3EB005E066E /* AppDelegate.swift in Sources */ = {isa = PBXBuildFile; fileRef = AD72A250287BA3EB005E066E /* AppDelegate.swift */; };
		AD72A253287BA3EB005E066E /* SceneDelegate.swift in Sources */ = {isa = PBXBuildFile; fileRef = AD72A252287BA3EB005E066E /* SceneDelegate.swift */; };
		AD72A255287BA3EB005E066E /* ViewController.swift in Sources */ = {isa = PBXBuildFile; fileRef = AD72A254287BA3EB005E066E /* ViewController.swift */; };
		AD72A258287BA3EB005E066E /* Main.storyboard in Resources */ = {isa = PBXBuildFile; fileRef = AD72A256287BA3EB005E066E /* Main.storyboard */; };
		AD72A25A287BA3EE005E066E /* Assets.xcassets in Resources */ = {isa = PBXBuildFile; fileRef = AD72A259287BA3EE005E066E /* Assets.xcassets */; };
		AD72A25D287BA3EE005E066E /* LaunchScreen.storyboard in Resources */ = {isa = PBXBuildFile; fileRef = AD72A25B287BA3EE005E066E /* LaunchScreen.storyboard */; };
		ADCB7DB1287D2133003C496D /* SegmentedViewController.swift in Sources */ = {isa = PBXBuildFile; fileRef = ADCB7DB0287D2133003C496D /* SegmentedViewController.swift */; };
/* End PBXBuildFile section */

/* Begin PBXFileReference section */
		AD333B502880E85500248D48 /* Transition.storyboard */ = {isa = PBXFileReference; lastKnownFileType = file.storyboard; path = Transition.storyboard; sourceTree = "<group>"; };
		AD333B522880EFBF00248D48 /* TransitionFirstViewController.swift */ = {isa = PBXFileReference; lastKnownFileType = sourcecode.swift; path = TransitionFirstViewController.swift; sourceTree = "<group>"; };
		AD333B542880FDFF00248D48 /* TransitionSecondViewController.swift */ = {isa = PBXFileReference; lastKnownFileType = sourcecode.swift; path = TransitionSecondViewController.swift; sourceTree = "<group>"; };
		AD34B8F2287FA68000A50838 /* Setting.storyboard */ = {isa = PBXFileReference; lastKnownFileType = file.storyboard; path = Setting.storyboard; sourceTree = "<group>"; };
		AD34B8F4287FA80800A50838 /* Search.storyboard */ = {isa = PBXFileReference; lastKnownFileType = file.storyboard; path = Search.storyboard; sourceTree = "<group>"; };
		AD72A24D287BA3EB005E066E /* SecondWeek.app */ = {isa = PBXFileReference; explicitFileType = wrapper.application; includeInIndex = 0; path = SecondWeek.app; sourceTree = BUILT_PRODUCTS_DIR; };
		AD72A250287BA3EB005E066E /* AppDelegate.swift */ = {isa = PBXFileReference; lastKnownFileType = sourcecode.swift; path = AppDelegate.swift; sourceTree = "<group>"; };
		AD72A252287BA3EB005E066E /* SceneDelegate.swift */ = {isa = PBXFileReference; lastKnownFileType = sourcecode.swift; path = SceneDelegate.swift; sourceTree = "<group>"; };
		AD72A254287BA3EB005E066E /* ViewController.swift */ = {isa = PBXFileReference; lastKnownFileType = sourcecode.swift; path = ViewController.swift; sourceTree = "<group>"; };
		AD72A257287BA3EB005E066E /* Base */ = {isa = PBXFileReference; lastKnownFileType = file.storyboard; name = Base; path = Base.lproj/Main.storyboard; sourceTree = "<group>"; };
		AD72A259287BA3EE005E066E /* Assets.xcassets */ = {isa = PBXFileReference; lastKnownFileType = folder.assetcatalog; path = Assets.xcassets; sourceTree = "<group>"; };
		AD72A25C287BA3EE005E066E /* Base */ = {isa = PBXFileReference; lastKnownFileType = file.storyboard; name = Base; path = Base.lproj/LaunchScreen.storyboard; sourceTree = "<group>"; };
		AD72A25E287BA3EE005E066E /* Info.plist */ = {isa = PBXFileReference; lastKnownFileType = text.plist.xml; path = Info.plist; sourceTree = "<group>"; };
		ADCB7DB0287D2133003C496D /* SegmentedViewController.swift */ = {isa = PBXFileReference; lastKnownFileType = sourcecode.swift; path = SegmentedViewController.swift; sourceTree = "<group>"; };
/* End PBXFileReference section */

/* Begin PBXFrameworksBuildPhase section */
		AD72A24A287BA3EB005E066E /* Frameworks */ = {
			isa = PBXFrameworksBuildPhase;
			buildActionMask = 2147483647;
			files = (
				AD34B8FE287FAFE500A50838 /* TextFieldEffects in Frameworks */,
				AD34B901287FBE3D00A50838 /* IQKeyboardManagerSwift in Frameworks */,
				AD34B8F8287FAED900A50838 /* SideMenu in Frameworks */,
				AD34B8FB287FAF2700A50838 /* FSCalendar in Frameworks */,
			);
			runOnlyForDeploymentPostprocessing = 0;
		};
/* End PBXFrameworksBuildPhase section */

/* Begin PBXGroup section */
		AD72A244287BA3EB005E066E = {
			isa = PBXGroup;
			children = (
				AD72A24F287BA3EB005E066E /* SecondWeek */,
				AD72A24E287BA3EB005E066E /* Products */,
			);
			sourceTree = "<group>";
		};
		AD72A24E287BA3EB005E066E /* Products */ = {
			isa = PBXGroup;
			children = (
				AD72A24D287BA3EB005E066E /* SecondWeek.app */,
			);
			name = Products;
			sourceTree = "<group>";
		};
		AD72A24F287BA3EB005E066E /* SecondWeek */ = {
			isa = PBXGroup;
			children = (
				AD72A250287BA3EB005E066E /* AppDelegate.swift */,
				AD72A252287BA3EB005E066E /* SceneDelegate.swift */,
				AD935F94288916C0002AA868 /* Transition */,
				AD72A254287BA3EB005E066E /* ViewController.swift */,
				AD72A256287BA3EB005E066E /* Main.storyboard */,
				AD34B8F2287FA68000A50838 /* Setting.storyboard */,
				ADCB7DB0287D2133003C496D /* SegmentedViewController.swift */,
				AD72A259287BA3EE005E066E /* Assets.xcassets */,
				AD72A25B287BA3EE005E066E /* LaunchScreen.storyboard */,
				AD72A25E287BA3EE005E066E /* Info.plist */,
				AD34B8F4287FA80800A50838 /* Search.storyboard */,
			);
			path = SecondWeek;
			sourceTree = "<group>";
		};
		AD935F94288916C0002AA868 /* Transition */ = {
			isa = PBXGroup;
			children = (
				AD333B502880E85500248D48 /* Transition.storyboard */,
				AD333B542880FDFF00248D48 /* TransitionSecondViewController.swift */,
				AD333B522880EFBF00248D48 /* TransitionFirstViewController.swift */,
			);
			path = Transition;
			sourceTree = "<group>";
		};
/* End PBXGroup section */

/* Begin PBXNativeTarget section */
		AD72A24C287BA3EB005E066E /* SecondWeek */ = {
			isa = PBXNativeTarget;
			buildConfigurationList = AD72A261287BA3EE005E066E /* Build configuration list for PBXNativeTarget "SecondWeek" */;
			buildPhases = (
				AD72A249287BA3EB005E066E /* Sources */,
				AD72A24A287BA3EB005E066E /* Frameworks */,
				AD72A24B287BA3EB005E066E /* Resources */,
			);
			buildRules = (
			);
			dependencies = (
			);
			name = SecondWeek;
			packageProductDependencies = (
				AD34B8F7287FAED900A50838 /* SideMenu */,
				AD34B8FA287FAF2700A50838 /* FSCalendar */,
				AD34B8FD287FAFE500A50838 /* TextFieldEffects */,
				AD34B900287FBE3D00A50838 /* IQKeyboardManagerSwift */,
			);
			productName = SecondWeek;
			productReference = AD72A24D287BA3EB005E066E /* SecondWeek.app */;
			productType = "com.apple.product-type.application";
		};
/* End PBXNativeTarget section */

/* Begin PBXProject section */
		AD72A245287BA3EB005E066E /* Project object */ = {
			isa = PBXProject;
			attributes = {
				BuildIndependentTargetsInParallel = 1;
				LastSwiftUpdateCheck = 1340;
				LastUpgradeCheck = 1340;
				TargetAttributes = {
					AD72A24C287BA3EB005E066E = {
						CreatedOnToolsVersion = 13.4.1;
					};
				};
			};
			buildConfigurationList = AD72A248287BA3EB005E066E /* Build configuration list for PBXProject "SecondWeek" */;
			compatibilityVersion = "Xcode 13.0";
			developmentRegion = en;
			hasScannedForEncodings = 0;
			knownRegions = (
				en,
				Base,
			);
			mainGroup = AD72A244287BA3EB005E066E;
			packageReferences = (
				AD34B8F6287FAED900A50838 /* XCRemoteSwiftPackageReference "SideMenu" */,
				AD34B8F9287FAF2700A50838 /* XCRemoteSwiftPackageReference "FSCalendar" */,
				AD34B8FC287FAFE500A50838 /* XCRemoteSwiftPackageReference "TextFieldEffects" */,
				AD34B8FF287FBE3D00A50838 /* XCRemoteSwiftPackageReference "IQKeyboardManager" */,
			);
			productRefGroup = AD72A24E287BA3EB005E066E /* Products */;
			projectDirPath = "";
			projectRoot = "";
			targets = (
				AD72A24C287BA3EB005E066E /* SecondWeek */,
			);
		};
/* End PBXProject section */

/* Begin PBXResourcesBuildPhase section */
		AD72A24B287BA3EB005E066E /* Resources */ = {
			isa = PBXResourcesBuildPhase;
			buildActionMask = 2147483647;
			files = (
				AD72A25D287BA3EE005E066E /* LaunchScreen.storyboard in Resources */,
				AD333B512880E85500248D48 /* Transition.storyboard in Resources */,
				AD72A25A287BA3EE005E066E /* Assets.xcassets in Resources */,
				AD72A258287BA3EB005E066E /* Main.storyboard in Resources */,
				AD34B8F3287FA68000A50838 /* Setting.storyboard in Resources */,
				AD34B8F5287FA80800A50838 /* Search.storyboard in Resources */,
			);
			runOnlyForDeploymentPostprocessing = 0;
		};
/* End PBXResourcesBuildPhase section */

/* Begin PBXSourcesBuildPhase section */
		AD72A249287BA3EB005E066E /* Sources */ = {
			isa = PBXSourcesBuildPhase;
			buildActionMask = 2147483647;
			files = (
				AD72A255287BA3EB005E066E /* ViewController.swift in Sources */,
				AD333B532880EFBF00248D48 /* TransitionFirstViewController.swift in Sources */,
				AD72A251287BA3EB005E066E /* AppDelegate.swift in Sources */,
				AD333B552880FDFF00248D48 /* TransitionSecondViewController.swift in Sources */,
				AD72A253287BA3EB005E066E /* SceneDelegate.swift in Sources */,
				ADCB7DB1287D2133003C496D /* SegmentedViewController.swift in Sources */,
			);
			runOnlyForDeploymentPostprocessing = 0;
		};
/* End PBXSourcesBuildPhase section */

/* Begin PBXVariantGroup section */
		AD72A256287BA3EB005E066E /* Main.storyboard */ = {
			isa = PBXVariantGroup;
			children = (
				AD72A257287BA3EB005E066E /* Base */,
			);
			name = Main.storyboard;
			sourceTree = "<group>";
		};
		AD72A25B287BA3EE005E066E /* LaunchScreen.storyboard */ = {
			isa = PBXVariantGroup;
			children = (
				AD72A25C287BA3EE005E066E /* Base */,
			);
			name = LaunchScreen.storyboard;
			sourceTree = "<group>";
		};
/* End PBXVariantGroup section */

/* Begin XCBuildConfiguration section */
		AD72A25F287BA3EE005E066E /* Debug */ = {
			isa = XCBuildConfiguration;
			buildSettings = {
				ALWAYS_SEARCH_USER_PATHS = NO;
				CLANG_ANALYZER_NONNULL = YES;
				CLANG_ANALYZER_NUMBER_OBJECT_CONVERSION = YES_AGGRESSIVE;
				CLANG_CXX_LANGUAGE_STANDARD = "gnu++17";
				CLANG_ENABLE_MODULES = YES;
				CLANG_ENABLE_OBJC_ARC = YES;
				CLANG_ENABLE_OBJC_WEAK = YES;
				CLANG_WARN_BLOCK_CAPTURE_AUTORELEASING = YES;
				CLANG_WARN_BOOL_CONVERSION = YES;
				CLANG_WARN_COMMA = YES;
				CLANG_WARN_CONSTANT_CONVERSION = YES;
				CLANG_WARN_DEPRECATED_OBJC_IMPLEMENTATIONS = YES;
				CLANG_WARN_DIRECT_OBJC_ISA_USAGE = YES_ERROR;
				CLANG_WARN_DOCUMENTATION_COMMENTS = YES;
				CLANG_WARN_EMPTY_BODY = YES;
				CLANG_WARN_ENUM_CONVERSION = YES;
				CLANG_WARN_INFINITE_RECURSION = YES;
				CLANG_WARN_INT_CONVERSION = YES;
				CLANG_WARN_NON_LITERAL_NULL_CONVERSION = YES;
				CLANG_WARN_OBJC_IMPLICIT_RETAIN_SELF = YES;
				CLANG_WARN_OBJC_LITERAL_CONVERSION = YES;
				CLANG_WARN_OBJC_ROOT_CLASS = YES_ERROR;
				CLANG_WARN_QUOTED_INCLUDE_IN_FRAMEWORK_HEADER = YES;
				CLANG_WARN_RANGE_LOOP_ANALYSIS = YES;
				CLANG_WARN_STRICT_PROTOTYPES = YES;
				CLANG_WARN_SUSPICIOUS_MOVE = YES;
				CLANG_WARN_UNGUARDED_AVAILABILITY = YES_AGGRESSIVE;
				CLANG_WARN_UNREACHABLE_CODE = YES;
				CLANG_WARN__DUPLICATE_METHOD_MATCH = YES;
				COPY_PHASE_STRIP = NO;
				DEBUG_INFORMATION_FORMAT = dwarf;
				ENABLE_STRICT_OBJC_MSGSEND = YES;
				ENABLE_TESTABILITY = YES;
				GCC_C_LANGUAGE_STANDARD = gnu11;
				GCC_DYNAMIC_NO_PIC = NO;
				GCC_NO_COMMON_BLOCKS = YES;
				GCC_OPTIMIZATION_LEVEL = 0;
				GCC_PREPROCESSOR_DEFINITIONS = (
					"DEBUG=1",
					"$(inherited)",
				);
				GCC_WARN_64_TO_32_BIT_CONVERSION = YES;
				GCC_WARN_ABOUT_RETURN_TYPE = YES_ERROR;
				GCC_WARN_UNDECLARED_SELECTOR = YES;
				GCC_WARN_UNINITIALIZED_AUTOS = YES_AGGRESSIVE;
				GCC_WARN_UNUSED_FUNCTION = YES;
				GCC_WARN_UNUSED_VARIABLE = YES;
				IPHONEOS_DEPLOYMENT_TARGET = 15.5;
				MTL_ENABLE_DEBUG_INFO = INCLUDE_SOURCE;
				MTL_FAST_MATH = YES;
				ONLY_ACTIVE_ARCH = YES;
				SDKROOT = iphoneos;
				SWIFT_ACTIVE_COMPILATION_CONDITIONS = DEBUG;
				SWIFT_OPTIMIZATION_LEVEL = "-Onone";
			};
			name = Debug;
		};
		AD72A260287BA3EE005E066E /* Release */ = {
			isa = XCBuildConfiguration;
			buildSettings = {
				ALWAYS_SEARCH_USER_PATHS = NO;
				CLANG_ANALYZER_NONNULL = YES;
				CLANG_ANALYZER_NUMBER_OBJECT_CONVERSION = YES_AGGRESSIVE;
				CLANG_CXX_LANGUAGE_STANDARD = "gnu++17";
				CLANG_ENABLE_MODULES = YES;
				CLANG_ENABLE_OBJC_ARC = YES;
				CLANG_ENABLE_OBJC_WEAK = YES;
				CLANG_WARN_BLOCK_CAPTURE_AUTORELEASING = YES;
				CLANG_WARN_BOOL_CONVERSION = YES;
				CLANG_WARN_COMMA = YES;
				CLANG_WARN_CONSTANT_CONVERSION = YES;
				CLANG_WARN_DEPRECATED_OBJC_IMPLEMENTATIONS = YES;
				CLANG_WARN_DIRECT_OBJC_ISA_USAGE = YES_ERROR;
				CLANG_WARN_DOCUMENTATION_COMMENTS = YES;
				CLANG_WARN_EMPTY_BODY = YES;
				CLANG_WARN_ENUM_CONVERSION = YES;
				CLANG_WARN_INFINITE_RECURSION = YES;
				CLANG_WARN_INT_CONVERSION = YES;
				CLANG_WARN_NON_LITERAL_NULL_CONVERSION = YES;
				CLANG_WARN_OBJC_IMPLICIT_RETAIN_SELF = YES;
				CLANG_WARN_OBJC_LITERAL_CONVERSION = YES;
				CLANG_WARN_OBJC_ROOT_CLASS = YES_ERROR;
				CLANG_WARN_QUOTED_INCLUDE_IN_FRAMEWORK_HEADER = YES;
				CLANG_WARN_RANGE_LOOP_ANALYSIS = YES;
				CLANG_WARN_STRICT_PROTOTYPES = YES;
				CLANG_WARN_SUSPICIOUS_MOVE = YES;
				CLANG_WARN_UNGUARDED_AVAILABILITY = YES_AGGRESSIVE;
				CLANG_WARN_UNREACHABLE_CODE = YES;
				CLANG_WARN__DUPLICATE_METHOD_MATCH = YES;
				COPY_PHASE_STRIP = NO;
				DEBUG_INFORMATION_FORMAT = "dwarf-with-dsym";
				ENABLE_NS_ASSERTIONS = NO;
				ENABLE_STRICT_OBJC_MSGSEND = YES;
				GCC_C_LANGUAGE_STANDARD = gnu11;
				GCC_NO_COMMON_BLOCKS = YES;
				GCC_WARN_64_TO_32_BIT_CONVERSION = YES;
				GCC_WARN_ABOUT_RETURN_TYPE = YES_ERROR;
				GCC_WARN_UNDECLARED_SELECTOR = YES;
				GCC_WARN_UNINITIALIZED_AUTOS = YES_AGGRESSIVE;
				GCC_WARN_UNUSED_FUNCTION = YES;
				GCC_WARN_UNUSED_VARIABLE = YES;
				IPHONEOS_DEPLOYMENT_TARGET = 15.5;
				MTL_ENABLE_DEBUG_INFO = NO;
				MTL_FAST_MATH = YES;
				SDKROOT = iphoneos;
				SWIFT_COMPILATION_MODE = wholemodule;
				SWIFT_OPTIMIZATION_LEVEL = "-O";
				VALIDATE_PRODUCT = YES;
			};
			name = Release;
		};
		AD72A262287BA3EE005E066E /* Debug */ = {
			isa = XCBuildConfiguration;
			buildSettings = {
				ASSETCATALOG_COMPILER_APPICON_NAME = AppIcon;
				ASSETCATALOG_COMPILER_GLOBAL_ACCENT_COLOR_NAME = AccentColor;
				CODE_SIGN_STYLE = Automatic;
				CURRENT_PROJECT_VERSION = 1;
				DEVELOPMENT_TEAM = DLA597KS3F;
				GENERATE_INFOPLIST_FILE = YES;
				INFOPLIST_FILE = SecondWeek/Info.plist;
				INFOPLIST_KEY_UIApplicationSupportsIndirectInputEvents = YES;
				INFOPLIST_KEY_UILaunchStoryboardName = LaunchScreen;
				INFOPLIST_KEY_UIMainStoryboardFile = Main;
				INFOPLIST_KEY_UISupportedInterfaceOrientations_iPad = "UIInterfaceOrientationPortrait UIInterfaceOrientationPortraitUpsideDown UIInterfaceOrientationLandscapeLeft UIInterfaceOrientationLandscapeRight";
				INFOPLIST_KEY_UISupportedInterfaceOrientations_iPhone = "UIInterfaceOrientationPortrait UIInterfaceOrientationLandscapeLeft UIInterfaceOrientationLandscapeRight";
				IPHONEOS_DEPLOYMENT_TARGET = 13.0;
				LD_RUNPATH_SEARCH_PATHS = (
					"$(inherited)",
					"@executable_path/Frameworks",
				);
				MARKETING_VERSION = 1.0;
				PRODUCT_BUNDLE_IDENTIFIER = com.jhee.SecondWeek;
				PRODUCT_NAME = "$(TARGET_NAME)";
				SWIFT_EMIT_LOC_STRINGS = YES;
				SWIFT_VERSION = 5.0;
				TARGETED_DEVICE_FAMILY = 1;
			};
			name = Debug;
		};
		AD72A263287BA3EE005E066E /* Release */ = {
			isa = XCBuildConfiguration;
			buildSettings = {
				ASSETCATALOG_COMPILER_APPICON_NAME = AppIcon;
				ASSETCATALOG_COMPILER_GLOBAL_ACCENT_COLOR_NAME = AccentColor;
				CODE_SIGN_STYLE = Automatic;
				CURRENT_PROJECT_VERSION = 1;
				DEVELOPMENT_TEAM = DLA597KS3F;
				GENERATE_INFOPLIST_FILE = YES;
				INFOPLIST_FILE = SecondWeek/Info.plist;
				INFOPLIST_KEY_UIApplicationSupportsIndirectInputEvents = YES;
				INFOPLIST_KEY_UILaunchStoryboardName = LaunchScreen;
				INFOPLIST_KEY_UIMainStoryboardFile = Main;
				INFOPLIST_KEY_UISupportedInterfaceOrientations_iPad = "UIInterfaceOrientationPortrait UIInterfaceOrientationPortraitUpsideDown UIInterfaceOrientationLandscapeLeft UIInterfaceOrientationLandscapeRight";
				INFOPLIST_KEY_UISupportedInterfaceOrientations_iPhone = "UIInterfaceOrientationPortrait UIInterfaceOrientationLandscapeLeft UIInterfaceOrientationLandscapeRight";
				IPHONEOS_DEPLOYMENT_TARGET = 13.0;
				LD_RUNPATH_SEARCH_PATHS = (
					"$(inherited)",
					"@executable_path/Frameworks",
				);
				MARKETING_VERSION = 1.0;
				PRODUCT_BUNDLE_IDENTIFIER = com.jhee.SecondWeek;
				PRODUCT_NAME = "$(TARGET_NAME)";
				SWIFT_EMIT_LOC_STRINGS = YES;
				SWIFT_VERSION = 5.0;
				TARGETED_DEVICE_FAMILY = 1;
			};
			name = Release;
		};
/* End XCBuildConfiguration section */

/* Begin XCConfigurationList section */
		AD72A248287BA3EB005E066E /* Build configuration list for PBXProject "SecondWeek" */ = {
			isa = XCConfigurationList;
			buildConfigurations = (
				AD72A25F287BA3EE005E066E /* Debug */,
				AD72A260287BA3EE005E066E /* Release */,
			);
			defaultConfigurationIsVisible = 0;
			defaultConfigurationName = Release;
		};
		AD72A261287BA3EE005E066E /* Build configuration list for PBXNativeTarget "SecondWeek" */ = {
			isa = XCConfigurationList;
			buildConfigurations = (
				AD72A262287BA3EE005E066E /* Debug */,
				AD72A263287BA3EE005E066E /* Release */,
			);
			defaultConfigurationIsVisible = 0;
			defaultConfigurationName = Release;
		};
/* End XCConfigurationList section */

/* Begin XCRemoteSwiftPackageReference section */
		AD34B8F6287FAED900A50838 /* XCRemoteSwiftPackageReference "SideMenu" */ = {
			isa = XCRemoteSwiftPackageReference;
			repositoryURL = "https://github.com/jonkykong/SideMenu.git";
			requirement = {
				kind = upToNextMajorVersion;
				minimumVersion = 6.0.0;
			};
		};
		AD34B8F9287FAF2700A50838 /* XCRemoteSwiftPackageReference "FSCalendar" */ = {
			isa = XCRemoteSwiftPackageReference;
			repositoryURL = "https://github.com/WenchaoD/FSCalendar.git";
			requirement = {
				kind = upToNextMajorVersion;
				minimumVersion = 2.0.0;
			};
		};
		AD34B8FC287FAFE500A50838 /* XCRemoteSwiftPackageReference "TextFieldEffects" */ = {
			isa = XCRemoteSwiftPackageReference;
			repositoryURL = "https://github.com/raulriera/TextFieldEffects.git";
			requirement = {
				kind = upToNextMajorVersion;
				minimumVersion = 1.0.0;
			};
		};
		AD34B8FF287FBE3D00A50838 /* XCRemoteSwiftPackageReference "IQKeyboardManager" */ = {
			isa = XCRemoteSwiftPackageReference;
			repositoryURL = "https://github.com/hackiftekhar/IQKeyboardManager.git";
			requirement = {
				kind = exactVersion;
				version = 6.5.0;
			};
		};
/* End XCRemoteSwiftPackageReference section */

/* Begin XCSwiftPackageProductDependency section */
		AD34B8F7287FAED900A50838 /* SideMenu */ = {
			isa = XCSwiftPackageProductDependency;
			package = AD34B8F6287FAED900A50838 /* XCRemoteSwiftPackageReference "SideMenu" */;
			productName = SideMenu;
		};
		AD34B8FA287FAF2700A50838 /* FSCalendar */ = {
			isa = XCSwiftPackageProductDependency;
			package = AD34B8F9287FAF2700A50838 /* XCRemoteSwiftPackageReference "FSCalendar" */;
			productName = FSCalendar;
		};
		AD34B8FD287FAFE500A50838 /* TextFieldEffects */ = {
			isa = XCSwiftPackageProductDependency;
			package = AD34B8FC287FAFE500A50838 /* XCRemoteSwiftPackageReference "TextFieldEffects" */;
			productName = TextFieldEffects;
		};
		AD34B900287FBE3D00A50838 /* IQKeyboardManagerSwift */ = {
			isa = XCSwiftPackageProductDependency;
			package = AD34B8FF287FBE3D00A50838 /* XCRemoteSwiftPackageReference "IQKeyboardManager" */;
			productName = IQKeyboardManagerSwift;
		};
/* End XCSwiftPackageProductDependency section */
	};
	rootObject = AD72A245287BA3EB005E066E /* Project object */;
}
